
Microsoft Visual Studio Solution File, Format Version 12.00
# Visual Studio Version 17
VisualStudioVersion = 17.1.32210.238
MinimumVisualStudioVersion = 10.0.40219.1
Project("{FAE04EC0-301F-11D3-BF4B-00C04F79EFBC}") = "LiquipediaScraper", "LiquipediaScraper\LiquipediaScraper.csproj", "{1C236622-146E-4765-9899-27C360E6C8EF}"
EndProject
Global
	GlobalSection(SolutionConfigurationPlatforms) = preSolution
		Debug|Any CPU = Debug|Any CPU
		Release|Any CPU = Release|Any CPU
	EndGlobalSection
	GlobalSection(ProjectConfigurationPlatforms) = postSolution
		{1C236622-146E-4765-9899-27C360E6C8EF}.Debug|Any CPU.ActiveCfg = Debug|Any CPU
		{1C236622-146E-4765-9899-27C360E6C8EF}.Debug|Any CPU.Build.0 = Debug|Any CPU
		{1C236622-146E-4765-9899-27C360E6C8EF}.Release|Any CPU.ActiveCfg = Release|Any CPU
		{1C236622-146E-4765-9899-27C360E6C8EF}.Release|Any CPU.Build.0 = Release|Any CPU
	EndGlobalSection
	GlobalSection(SolutionProperties) = preSolution
		HideSolutionNode = FALSE
	EndGlobalSection
	GlobalSection(ExtensibilityGlobals) = postSolution
		SolutionGuid = {AD441DCE-23CF-4C47-8E9D-29E00CC4F963}
	EndGlobalSection
EndGlobal
